// !$*UTF8*$!
{
	archiveVersion = 1;
	classes = {
	};
	objectVersion = 55;
	objects = {

/* Begin PBXBuildFile section */
		DF56CD8927B7991B00066242 /* AppDelegate.swift in Sources */ = {isa = PBXBuildFile; fileRef = DF56CD8827B7991B00066242 /* AppDelegate.swift */; };
		DF56CD8B27B7991B00066242 /* SceneDelegate.swift in Sources */ = {isa = PBXBuildFile; fileRef = DF56CD8A27B7991B00066242 /* SceneDelegate.swift */; };
		DF56CD8D27B7991B00066242 /* ViewController.swift in Sources */ = {isa = PBXBuildFile; fileRef = DF56CD8C27B7991B00066242 /* ViewController.swift */; };
		DF56CD9027B7991B00066242 /* Main.storyboard in Resources */ = {isa = PBXBuildFile; fileRef = DF56CD8E27B7991B00066242 /* Main.storyboard */; };
		DF56CD9227B7991C00066242 /* Assets.xcassets in Resources */ = {isa = PBXBuildFile; fileRef = DF56CD9127B7991C00066242 /* Assets.xcassets */; };
		DF56CD9527B7991C00066242 /* LaunchScreen.storyboard in Resources */ = {isa = PBXBuildFile; fileRef = DF56CD9327B7991C00066242 /* LaunchScreen.storyboard */; };
		DF56CDA027B7991C00066242 /* TodayTests.swift in Sources */ = {isa = PBXBuildFile; fileRef = DF56CD9F27B7991C00066242 /* TodayTests.swift */; };
		DF56CDAA27B7991C00066242 /* TodayUITests.swift in Sources */ = {isa = PBXBuildFile; fileRef = DF56CDA927B7991C00066242 /* TodayUITests.swift */; };
		DF56CDAC27B7991C00066242 /* TodayUITestsLaunchTests.swift in Sources */ = {isa = PBXBuildFile; fileRef = DF56CDAB27B7991C00066242 /* TodayUITestsLaunchTests.swift */; };
		DF56CDB927B79BC300066242 /* Reminder.swift in Sources */ = {isa = PBXBuildFile; fileRef = DF56CDB827B79BC300066242 /* Reminder.swift */; };
		DF56CDBB27B79CF400066242 /* ReminderTests.swift in Sources */ = {isa = PBXBuildFile; fileRef = DF56CDBA27B79CF400066242 /* ReminderTests.swift */; };
/* End PBXBuildFile section */

/* Begin PBXContainerItemProxy section */
		DF56CD9C27B7991C00066242 /* PBXContainerItemProxy */ = {
			isa = PBXContainerItemProxy;
			containerPortal = DF56CD7D27B7991B00066242 /* Project object */;
			proxyType = 1;
			remoteGlobalIDString = DF56CD8427B7991B00066242;
			remoteInfo = Today;
		};
		DF56CDA627B7991C00066242 /* PBXContainerItemProxy */ = {
			isa = PBXContainerItemProxy;
			containerPortal = DF56CD7D27B7991B00066242 /* Project object */;
			proxyType = 1;
			remoteGlobalIDString = DF56CD8427B7991B00066242;
			remoteInfo = Today;
		};
/* End PBXContainerItemProxy section */

/* Begin PBXFileReference section */
		DF56CD8527B7991B00066242 /* Today.app */ = {isa = PBXFileReference; explicitFileType = wrapper.application; includeInIndex = 0; path = Today.app; sourceTree = BUILT_PRODUCTS_DIR; };
		DF56CD8827B7991B00066242 /* AppDelegate.swift */ = {isa = PBXFileReference; lastKnownFileType = sourcecode.swift; path = AppDelegate.swift; sourceTree = "<group>"; };
		DF56CD8A27B7991B00066242 /* SceneDelegate.swift */ = {isa = PBXFileReference; lastKnownFileType = sourcecode.swift; path = SceneDelegate.swift; sourceTree = "<group>"; };
		DF56CD8C27B7991B00066242 /* ViewController.swift */ = {isa = PBXFileReference; lastKnownFileType = sourcecode.swift; path = ViewController.swift; sourceTree = "<group>"; };
		DF56CD8F27B7991B00066242 /* Base */ = {isa = PBXFileReference; lastKnownFileType = file.storyboard; name = Base; path = Base.lproj/Main.storyboard; sourceTree = "<group>"; };
		DF56CD9127B7991C00066242 /* Assets.xcassets */ = {isa = PBXFileReference; lastKnownFileType = folder.assetcatalog; path = Assets.xcassets; sourceTree = "<group>"; };
		DF56CD9427B7991C00066242 /* Base */ = {isa = PBXFileReference; lastKnownFileType = file.storyboard; name = Base; path = Base.lproj/LaunchScreen.storyboard; sourceTree = "<group>"; };
		DF56CD9627B7991C00066242 /* Info.plist */ = {isa = PBXFileReference; lastKnownFileType = text.plist.xml; path = Info.plist; sourceTree = "<group>"; };
		DF56CD9B27B7991C00066242 /* TodayTests.xctest */ = {isa = PBXFileReference; explicitFileType = wrapper.cfbundle; includeInIndex = 0; path = TodayTests.xctest; sourceTree = BUILT_PRODUCTS_DIR; };
		DF56CD9F27B7991C00066242 /* TodayTests.swift */ = {isa = PBXFileReference; lastKnownFileType = sourcecode.swift; path = TodayTests.swift; sourceTree = "<group>"; };
		DF56CDA527B7991C00066242 /* TodayUITests.xctest */ = {isa = PBXFileReference; explicitFileType = wrapper.cfbundle; includeInIndex = 0; path = TodayUITests.xctest; sourceTree = BUILT_PRODUCTS_DIR; };
		DF56CDA927B7991C00066242 /* TodayUITests.swift */ = {isa = PBXFileReference; lastKnownFileType = sourcecode.swift; path = TodayUITests.swift; sourceTree = "<group>"; };
		DF56CDAB27B7991C00066242 /* TodayUITestsLaunchTests.swift */ = {isa = PBXFileReference; lastKnownFileType = sourcecode.swift; path = TodayUITestsLaunchTests.swift; sourceTree = "<group>"; };
		DF56CDB827B79BC300066242 /* Reminder.swift */ = {isa = PBXFileReference; lastKnownFileType = sourcecode.swift; path = Reminder.swift; sourceTree = "<group>"; };
		DF56CDBA27B79CF400066242 /* ReminderTests.swift */ = {isa = PBXFileReference; lastKnownFileType = sourcecode.swift; path = ReminderTests.swift; sourceTree = "<group>"; };
/* End PBXFileReference section */

/* Begin PBXFrameworksBuildPhase section */
		DF56CD8227B7991B00066242 /* Frameworks */ = {
			isa = PBXFrameworksBuildPhase;
			buildActionMask = 2147483647;
			files = (
			);
			runOnlyForDeploymentPostprocessing = 0;
		};
		DF56CD9827B7991C00066242 /* Frameworks */ = {
			isa = PBXFrameworksBuildPhase;
			buildActionMask = 2147483647;
			files = (
			);
			runOnlyForDeploymentPostprocessing = 0;
		};
		DF56CDA227B7991C00066242 /* Frameworks */ = {
			isa = PBXFrameworksBuildPhase;
			buildActionMask = 2147483647;
			files = (
			);
			runOnlyForDeploymentPostprocessing = 0;
		};
/* End PBXFrameworksBuildPhase section */

/* Begin PBXGroup section */
		DF56CD7C27B7991B00066242 = {
			isa = PBXGroup;
			children = (
				DF56CD8727B7991B00066242 /* Today */,
				DF56CD9E27B7991C00066242 /* TodayTests */,
				DF56CDA827B7991C00066242 /* TodayUITests */,
				DF56CD8627B7991B00066242 /* Products */,
			);
			sourceTree = "<group>";
		};
		DF56CD8627B7991B00066242 /* Products */ = {
			isa = PBXGroup;
			children = (
				DF56CD8527B7991B00066242 /* Today.app */,
				DF56CD9B27B7991C00066242 /* TodayTests.xctest */,
				DF56CDA527B7991C00066242 /* TodayUITests.xctest */,
			);
			name = Products;
			sourceTree = "<group>";
		};
		DF56CD8727B7991B00066242 /* Today */ = {
			isa = PBXGroup;
			children = (
				DF56CD8827B7991B00066242 /* AppDelegate.swift */,
				DF56CD8A27B7991B00066242 /* SceneDelegate.swift */,
				DF56CD9127B7991C00066242 /* Assets.xcassets */,
				DF56CD9627B7991C00066242 /* Info.plist */,
				DF56CDBC27B7A42A00066242 /* Models */,
				DF56CDBD27B7A46900066242 /* Views */,
				DF56CDBE27B7A4A400066242 /* Controllers */,
			);
			path = Today;
			sourceTree = "<group>";
		};
		DF56CD9E27B7991C00066242 /* TodayTests */ = {
			isa = PBXGroup;
			children = (
				DF56CD9F27B7991C00066242 /* TodayTests.swift */,
				DF56CDBA27B79CF400066242 /* ReminderTests.swift */,
			);
			path = TodayTests;
			sourceTree = "<group>";
		};
		DF56CDA827B7991C00066242 /* TodayUITests */ = {
			isa = PBXGroup;
			children = (
				DF56CDA927B7991C00066242 /* TodayUITests.swift */,
				DF56CDAB27B7991C00066242 /* TodayUITestsLaunchTests.swift */,
			);
			path = TodayUITests;
			sourceTree = "<group>";
		};
		DF56CDBC27B7A42A00066242 /* Models */ = {
			isa = PBXGroup;
			children = (
				DF56CDB827B79BC300066242 /* Reminder.swift */,
			);
			path = Models;
			sourceTree = "<group>";
		};
		DF56CDBD27B7A46900066242 /* Views */ = {
			isa = PBXGroup;
			children = (
				DF56CD8E27B7991B00066242 /* Main.storyboard */,
				DF56CD9327B7991C00066242 /* LaunchScreen.storyboard */,
			);
			path = Views;
			sourceTree = "<group>";
		};
		DF56CDBE27B7A4A400066242 /* Controllers */ = {
			isa = PBXGroup;
			children = (
				DF56CD8C27B7991B00066242 /* ViewController.swift */,
			);
			path = Controllers;
			sourceTree = "<group>";
		};
/* End PBXGroup section */

/* Begin PBXNativeTarget section */
		DF56CD8427B7991B00066242 /* Today */ = {
			isa = PBXNativeTarget;
			buildConfigurationList = DF56CDAF27B7991C00066242 /* Build configuration list for PBXNativeTarget "Today" */;
			buildPhases = (
				DF56CD8127B7991B00066242 /* Sources */,
				DF56CD8227B7991B00066242 /* Frameworks */,
				DF56CD8327B7991B00066242 /* Resources */,
			);
			buildRules = (
			);
			dependencies = (
			);
			name = Today;
			productName = Today;
			productReference = DF56CD8527B7991B00066242 /* Today.app */;
			productType = "com.apple.product-type.application";
		};
		DF56CD9A27B7991C00066242 /* TodayTests */ = {
			isa = PBXNativeTarget;
			buildConfigurationList = DF56CDB227B7991C00066242 /* Build configuration list for PBXNativeTarget "TodayTests" */;
			buildPhases = (
				DF56CD9727B7991C00066242 /* Sources */,
				DF56CD9827B7991C00066242 /* Frameworks */,
				DF56CD9927B7991C00066242 /* Resources */,
			);
			buildRules = (
			);
			dependencies = (
				DF56CD9D27B7991C00066242 /* PBXTargetDependency */,
			);
			name = TodayTests;
			productName = TodayTests;
			productReference = DF56CD9B27B7991C00066242 /* TodayTests.xctest */;
			productType = "com.apple.product-type.bundle.unit-test";
		};
		DF56CDA427B7991C00066242 /* TodayUITests */ = {
			isa = PBXNativeTarget;
			buildConfigurationList = DF56CDB527B7991C00066242 /* Build configuration list for PBXNativeTarget "TodayUITests" */;
			buildPhases = (
				DF56CDA127B7991C00066242 /* Sources */,
				DF56CDA227B7991C00066242 /* Frameworks */,
				DF56CDA327B7991C00066242 /* Resources */,
			);
			buildRules = (
			);
			dependencies = (
				DF56CDA727B7991C00066242 /* PBXTargetDependency */,
			);
			name = TodayUITests;
			productName = TodayUITests;
			productReference = DF56CDA527B7991C00066242 /* TodayUITests.xctest */;
			productType = "com.apple.product-type.bundle.ui-testing";
		};
/* End PBXNativeTarget section */

/* Begin PBXProject section */
		DF56CD7D27B7991B00066242 /* Project object */ = {
			isa = PBXProject;
			attributes = {
				BuildIndependentTargetsInParallel = 1;
				LastSwiftUpdateCheck = 1320;
				LastUpgradeCheck = 1320;
				TargetAttributes = {
					DF56CD8427B7991B00066242 = {
						CreatedOnToolsVersion = 13.2.1;
					};
					DF56CD9A27B7991C00066242 = {
						CreatedOnToolsVersion = 13.2.1;
						TestTargetID = DF56CD8427B7991B00066242;
					};
					DF56CDA427B7991C00066242 = {
						CreatedOnToolsVersion = 13.2.1;
						TestTargetID = DF56CD8427B7991B00066242;
					};
				};
			};
			buildConfigurationList = DF56CD8027B7991B00066242 /* Build configuration list for PBXProject "Today" */;
			compatibilityVersion = "Xcode 13.0";
			developmentRegion = en;
			hasScannedForEncodings = 0;
			knownRegions = (
				en,
				Base,
			);
			mainGroup = DF56CD7C27B7991B00066242;
			productRefGroup = DF56CD8627B7991B00066242 /* Products */;
			projectDirPath = "";
			projectRoot = "";
			targets = (
				DF56CD8427B7991B00066242 /* Today */,
				DF56CD9A27B7991C00066242 /* TodayTests */,
				DF56CDA427B7991C00066242 /* TodayUITests */,
			);
		};
/* End PBXProject section */

/* Begin PBXResourcesBuildPhase section */
		DF56CD8327B7991B00066242 /* Resources */ = {
			isa = PBXResourcesBuildPhase;
			buildActionMask = 2147483647;
			files = (
				DF56CD9527B7991C00066242 /* LaunchScreen.storyboard in Resources */,
				DF56CD9227B7991C00066242 /* Assets.xcassets in Resources */,
				DF56CD9027B7991B00066242 /* Main.storyboard in Resources */,
			);
			runOnlyForDeploymentPostprocessing = 0;
		};
		DF56CD9927B7991C00066242 /* Resources */ = {
			isa = PBXResourcesBuildPhase;
			buildActionMask = 2147483647;
			files = (
			);
			runOnlyForDeploymentPostprocessing = 0;
		};
		DF56CDA327B7991C00066242 /* Resources */ = {
			isa = PBXResourcesBuildPhase;
			buildActionMask = 2147483647;
			files = (
			);
			runOnlyForDeploymentPostprocessing = 0;
		};
/* End PBXResourcesBuildPhase section */

/* Begin PBXSourcesBuildPhase section */
		DF56CD8127B7991B00066242 /* Sources */ = {
			isa = PBXSourcesBuildPhase;
			buildActionMask = 2147483647;
			files = (
				DF56CD8D27B7991B00066242 /* ViewController.swift in Sources */,
				DF56CD8927B7991B00066242 /* AppDelegate.swift in Sources */,
				DF56CD8B27B7991B00066242 /* SceneDelegate.swift in Sources */,
				DF56CDB927B79BC300066242 /* Reminder.swift in Sources */,
			);
			runOnlyForDeploymentPostprocessing = 0;
		};
		DF56CD9727B7991C00066242 /* Sources */ = {
			isa = PBXSourcesBuildPhase;
			buildActionMask = 2147483647;
			files = (
				DF56CDA027B7991C00066242 /* TodayTests.swift in Sources */,
				DF56CDBB27B79CF400066242 /* ReminderTests.swift in Sources */,
			);
			runOnlyForDeploymentPostprocessing = 0;
		};
		DF56CDA127B7991C00066242 /* Sources */ = {
			isa = PBXSourcesBuildPhase;
			buildActionMask = 2147483647;
			files = (
				DF56CDAC27B7991C00066242 /* TodayUITestsLaunchTests.swift in Sources */,
				DF56CDAA27B7991C00066242 /* TodayUITests.swift in Sources */,
			);
			runOnlyForDeploymentPostprocessing = 0;
		};
/* End PBXSourcesBuildPhase section */

/* Begin PBXTargetDependency section */
		DF56CD9D27B7991C00066242 /* PBXTargetDependency */ = {
			isa = PBXTargetDependency;
			target = DF56CD8427B7991B00066242 /* Today */;
			targetProxy = DF56CD9C27B7991C00066242 /* PBXContainerItemProxy */;
		};
		DF56CDA727B7991C00066242 /* PBXTargetDependency */ = {
			isa = PBXTargetDependency;
			target = DF56CD8427B7991B00066242 /* Today */;
			targetProxy = DF56CDA627B7991C00066242 /* PBXContainerItemProxy */;
		};
/* End PBXTargetDependency section */

/* Begin PBXVariantGroup section */
		DF56CD8E27B7991B00066242 /* Main.storyboard */ = {
			isa = PBXVariantGroup;
			children = (
				DF56CD8F27B7991B00066242 /* Base */,
			);
			name = Main.storyboard;
			sourceTree = "<group>";
		};
		DF56CD9327B7991C00066242 /* LaunchScreen.storyboard */ = {
			isa = PBXVariantGroup;
			children = (
				DF56CD9427B7991C00066242 /* Base */,
			);
			name = LaunchScreen.storyboard;
			sourceTree = "<group>";
		};
/* End PBXVariantGroup section */

/* Begin XCBuildConfiguration section */
		DF56CDAD27B7991C00066242 /* Debug */ = {
			isa = XCBuildConfiguration;
			buildSettings = {
				ALWAYS_SEARCH_USER_PATHS = NO;
				CLANG_ANALYZER_NONNULL = YES;
				CLANG_ANALYZER_NUMBER_OBJECT_CONVERSION = YES_AGGRESSIVE;
				CLANG_CXX_LANGUAGE_STANDARD = "gnu++17";
				CLANG_CXX_LIBRARY = "libc++";
				CLANG_ENABLE_MODULES = YES;
				CLANG_ENABLE_OBJC_ARC = YES;
				CLANG_ENABLE_OBJC_WEAK = YES;
				CLANG_WARN_BLOCK_CAPTURE_AUTORELEASING = YES;
				CLANG_WARN_BOOL_CONVERSION = YES;
				CLANG_WARN_COMMA = YES;
				CLANG_WARN_CONSTANT_CONVERSION = YES;
				CLANG_WARN_DEPRECATED_OBJC_IMPLEMENTATIONS = YES;
				CLANG_WARN_DIRECT_OBJC_ISA_USAGE = YES_ERROR;
				CLANG_WARN_DOCUMENTATION_COMMENTS = YES;
				CLANG_WARN_EMPTY_BODY = YES;
				CLANG_WARN_ENUM_CONVERSION = YES;
				CLANG_WARN_INFINITE_RECURSION = YES;
				CLANG_WARN_INT_CONVERSION = YES;
				CLANG_WARN_NON_LITERAL_NULL_CONVERSION = YES;
				CLANG_WARN_OBJC_IMPLICIT_RETAIN_SELF = YES;
				CLANG_WARN_OBJC_LITERAL_CONVERSION = YES;
				CLANG_WARN_OBJC_ROOT_CLASS = YES_ERROR;
				CLANG_WARN_QUOTED_INCLUDE_IN_FRAMEWORK_HEADER = YES;
				CLANG_WARN_RANGE_LOOP_ANALYSIS = YES;
				CLANG_WARN_STRICT_PROTOTYPES = YES;
				CLANG_WARN_SUSPICIOUS_MOVE = YES;
				CLANG_WARN_UNGUARDED_AVAILABILITY = YES_AGGRESSIVE;
				CLANG_WARN_UNREACHABLE_CODE = YES;
				CLANG_WARN__DUPLICATE_METHOD_MATCH = YES;
				COPY_PHASE_STRIP = NO;
				DEBUG_INFORMATION_FORMAT = dwarf;
				ENABLE_STRICT_OBJC_MSGSEND = YES;
				ENABLE_TESTABILITY = YES;
				GCC_C_LANGUAGE_STANDARD = gnu11;
				GCC_DYNAMIC_NO_PIC = NO;
				GCC_NO_COMMON_BLOCKS = YES;
				GCC_OPTIMIZATION_LEVEL = 0;
				GCC_PREPROCESSOR_DEFINITIONS = (
					"DEBUG=1",
					"$(inherited)",
				);
				GCC_WARN_64_TO_32_BIT_CONVERSION = YES;
				GCC_WARN_ABOUT_RETURN_TYPE = YES_ERROR;
				GCC_WARN_UNDECLARED_SELECTOR = YES;
				GCC_WARN_UNINITIALIZED_AUTOS = YES_AGGRESSIVE;
				GCC_WARN_UNUSED_FUNCTION = YES;
				GCC_WARN_UNUSED_VARIABLE = YES;
				IPHONEOS_DEPLOYMENT_TARGET = 15.2;
				MTL_ENABLE_DEBUG_INFO = INCLUDE_SOURCE;
				MTL_FAST_MATH = YES;
				ONLY_ACTIVE_ARCH = YES;
				SDKROOT = iphoneos;
				SWIFT_ACTIVE_COMPILATION_CONDITIONS = DEBUG;
				SWIFT_OPTIMIZATION_LEVEL = "-Onone";
			};
			name = Debug;
		};
		DF56CDAE27B7991C00066242 /* Release */ = {
			isa = XCBuildConfiguration;
			buildSettings = {
				ALWAYS_SEARCH_USER_PATHS = NO;
				CLANG_ANALYZER_NONNULL = YES;
				CLANG_ANALYZER_NUMBER_OBJECT_CONVERSION = YES_AGGRESSIVE;
				CLANG_CXX_LANGUAGE_STANDARD = "gnu++17";
				CLANG_CXX_LIBRARY = "libc++";
				CLANG_ENABLE_MODULES = YES;
				CLANG_ENABLE_OBJC_ARC = YES;
				CLANG_ENABLE_OBJC_WEAK = YES;
				CLANG_WARN_BLOCK_CAPTURE_AUTORELEASING = YES;
				CLANG_WARN_BOOL_CONVERSION = YES;
				CLANG_WARN_COMMA = YES;
				CLANG_WARN_CONSTANT_CONVERSION = YES;
				CLANG_WARN_DEPRECATED_OBJC_IMPLEMENTATIONS = YES;
				CLANG_WARN_DIRECT_OBJC_ISA_USAGE = YES_ERROR;
				CLANG_WARN_DOCUMENTATION_COMMENTS = YES;
				CLANG_WARN_EMPTY_BODY = YES;
				CLANG_WARN_ENUM_CONVERSION = YES;
				CLANG_WARN_INFINITE_RECURSION = YES;
				CLANG_WARN_INT_CONVERSION = YES;
				CLANG_WARN_NON_LITERAL_NULL_CONVERSION = YES;
				CLANG_WARN_OBJC_IMPLICIT_RETAIN_SELF = YES;
				CLANG_WARN_OBJC_LITERAL_CONVERSION = YES;
				CLANG_WARN_OBJC_ROOT_CLASS = YES_ERROR;
				CLANG_WARN_QUOTED_INCLUDE_IN_FRAMEWORK_HEADER = YES;
				CLANG_WARN_RANGE_LOOP_ANALYSIS = YES;
				CLANG_WARN_STRICT_PROTOTYPES = YES;
				CLANG_WARN_SUSPICIOUS_MOVE = YES;
				CLANG_WARN_UNGUARDED_AVAILABILITY = YES_AGGRESSIVE;
				CLANG_WARN_UNREACHABLE_CODE = YES;
				CLANG_WARN__DUPLICATE_METHOD_MATCH = YES;
				COPY_PHASE_STRIP = NO;
				DEBUG_INFORMATION_FORMAT = "dwarf-with-dsym";
				ENABLE_NS_ASSERTIONS = NO;
				ENABLE_STRICT_OBJC_MSGSEND = YES;
				GCC_C_LANGUAGE_STANDARD = gnu11;
				GCC_NO_COMMON_BLOCKS = YES;
				GCC_WARN_64_TO_32_BIT_CONVERSION = YES;
				GCC_WARN_ABOUT_RETURN_TYPE = YES_ERROR;
				GCC_WARN_UNDECLARED_SELECTOR = YES;
				GCC_WARN_UNINITIALIZED_AUTOS = YES_AGGRESSIVE;
				GCC_WARN_UNUSED_FUNCTION = YES;
				GCC_WARN_UNUSED_VARIABLE = YES;
				IPHONEOS_DEPLOYMENT_TARGET = 15.2;
				MTL_ENABLE_DEBUG_INFO = NO;
				MTL_FAST_MATH = YES;
				SDKROOT = iphoneos;
				SWIFT_COMPILATION_MODE = wholemodule;
				SWIFT_OPTIMIZATION_LEVEL = "-O";
				VALIDATE_PRODUCT = YES;
			};
			name = Release;
		};
		DF56CDB027B7991C00066242 /* Debug */ = {
			isa = XCBuildConfiguration;
			buildSettings = {
				ASSETCATALOG_COMPILER_APPICON_NAME = AppIcon;
				ASSETCATALOG_COMPILER_GLOBAL_ACCENT_COLOR_NAME = AccentColor;
				CODE_SIGN_STYLE = Automatic;
				CURRENT_PROJECT_VERSION = 1;
				DEVELOPMENT_TEAM = 3H9LYTUKJE;
				GENERATE_INFOPLIST_FILE = YES;
				INFOPLIST_FILE = Today/Info.plist;
				INFOPLIST_KEY_UIApplicationSupportsIndirectInputEvents = YES;
				INFOPLIST_KEY_UILaunchStoryboardName = LaunchScreen;
				INFOPLIST_KEY_UIMainStoryboardFile = Main;
				INFOPLIST_KEY_UISupportedInterfaceOrientations_iPad = "UIInterfaceOrientationPortrait UIInterfaceOrientationPortraitUpsideDown UIInterfaceOrientationLandscapeLeft UIInterfaceOrientationLandscapeRight";
				INFOPLIST_KEY_UISupportedInterfaceOrientations_iPhone = "UIInterfaceOrientationPortrait UIInterfaceOrientationLandscapeLeft UIInterfaceOrientationLandscapeRight";
				LD_RUNPATH_SEARCH_PATHS = (
					"$(inherited)",
					"@executable_path/Frameworks",
				);
				MARKETING_VERSION = 1.0;
				PRODUCT_BUNDLE_IDENTIFIER = de.sportfloh.Today;
				PRODUCT_NAME = "$(TARGET_NAME)";
				SWIFT_EMIT_LOC_STRINGS = YES;
				SWIFT_VERSION = 5.0;
				TARGETED_DEVICE_FAMILY = "1,2";
			};
			name = Debug;
		};
		DF56CDB127B7991C00066242 /* Release */ = {
			isa = XCBuildConfiguration;
			buildSettings = {
				ASSETCATALOG_COMPILER_APPICON_NAME = AppIcon;
				ASSETCATALOG_COMPILER_GLOBAL_ACCENT_COLOR_NAME = AccentColor;
				CODE_SIGN_STYLE = Automatic;
				CURRENT_PROJECT_VERSION = 1;
				DEVELOPMENT_TEAM = 3H9LYTUKJE;
				GENERATE_INFOPLIST_FILE = YES;
				INFOPLIST_FILE = Today/Info.plist;
				INFOPLIST_KEY_UIApplicationSupportsIndirectInputEvents = YES;
				INFOPLIST_KEY_UILaunchStoryboardName = LaunchScreen;
				INFOPLIST_KEY_UIMainStoryboardFile = Main;
				INFOPLIST_KEY_UISupportedInterfaceOrientations_iPad = "UIInterfaceOrientationPortrait UIInterfaceOrientationPortraitUpsideDown UIInterfaceOrientationLandscapeLeft UIInterfaceOrientationLandscapeRight";
				INFOPLIST_KEY_UISupportedInterfaceOrientations_iPhone = "UIInterfaceOrientationPortrait UIInterfaceOrientationLandscapeLeft UIInterfaceOrientationLandscapeRight";
				LD_RUNPATH_SEARCH_PATHS = (
					"$(inherited)",
					"@executable_path/Frameworks",
				);
				MARKETING_VERSION = 1.0;
				PRODUCT_BUNDLE_IDENTIFIER = de.sportfloh.Today;
				PRODUCT_NAME = "$(TARGET_NAME)";
				SWIFT_EMIT_LOC_STRINGS = YES;
				SWIFT_VERSION = 5.0;
				TARGETED_DEVICE_FAMILY = "1,2";
			};
			name = Release;
		};
		DF56CDB327B7991C00066242 /* Debug */ = {
			isa = XCBuildConfiguration;
			buildSettings = {
				ALWAYS_EMBED_SWIFT_STANDARD_LIBRARIES = YES;
				BUNDLE_LOADER = "$(TEST_HOST)";
				CODE_SIGN_STYLE = Automatic;
				CURRENT_PROJECT_VERSION = 1;
				DEVELOPMENT_TEAM = 3H9LYTUKJE;
				GENERATE_INFOPLIST_FILE = YES;
				IPHONEOS_DEPLOYMENT_TARGET = 15.2;
				MARKETING_VERSION = 1.0;
				PRODUCT_BUNDLE_IDENTIFIER = de.sportfloh.TodayTests;
				PRODUCT_NAME = "$(TARGET_NAME)";
				SWIFT_EMIT_LOC_STRINGS = NO;
				SWIFT_VERSION = 5.0;
				TARGETED_DEVICE_FAMILY = "1,2";
				TEST_HOST = "$(BUILT_PRODUCTS_DIR)/Today.app/Today";
			};
			name = Debug;
		};
		DF56CDB427B7991C00066242 /* Release */ = {
			isa = XCBuildConfiguration;
			buildSettings = {
				ALWAYS_EMBED_SWIFT_STANDARD_LIBRARIES = YES;
				BUNDLE_LOADER = "$(TEST_HOST)";
				CODE_SIGN_STYLE = Automatic;
				CURRENT_PROJECT_VERSION = 1;
				DEVELOPMENT_TEAM = 3H9LYTUKJE;
				GENERATE_INFOPLIST_FILE = YES;
				IPHONEOS_DEPLOYMENT_TARGET = 15.2;
				MARKETING_VERSION = 1.0;
				PRODUCT_BUNDLE_IDENTIFIER = de.sportfloh.TodayTests;
				PRODUCT_NAME = "$(TARGET_NAME)";
				SWIFT_EMIT_LOC_STRINGS = NO;
				SWIFT_VERSION = 5.0;
				TARGETED_DEVICE_FAMILY = "1,2";
				TEST_HOST = "$(BUILT_PRODUCTS_DIR)/Today.app/Today";
			};
			name = Release;
		};
		DF56CDB627B7991C00066242 /* Debug */ = {
			isa = XCBuildConfiguration;
			buildSettings = {
				ALWAYS_EMBED_SWIFT_STANDARD_LIBRARIES = YES;
				CODE_SIGN_STYLE = Automatic;
				CURRENT_PROJECT_VERSION = 1;
				DEVELOPMENT_TEAM = 3H9LYTUKJE;
				GENERATE_INFOPLIST_FILE = YES;
				MARKETING_VERSION = 1.0;
				PRODUCT_BUNDLE_IDENTIFIER = de.sportfloh.TodayUITests;
				PRODUCT_NAME = "$(TARGET_NAME)";
				SWIFT_EMIT_LOC_STRINGS = NO;
				SWIFT_VERSION = 5.0;
				TARGETED_DEVICE_FAMILY = "1,2";
				TEST_TARGET_NAME = Today;
			};
			name = Debug;
		};
		DF56CDB727B7991C00066242 /* Release */ = {
			isa = XCBuildConfiguration;
			buildSettings = {
				ALWAYS_EMBED_SWIFT_STANDARD_LIBRARIES = YES;
				CODE_SIGN_STYLE = Automatic;
				CURRENT_PROJECT_VERSION = 1;
				DEVELOPMENT_TEAM = 3H9LYTUKJE;
				GENERATE_INFOPLIST_FILE = YES;
				MARKETING_VERSION = 1.0;
				PRODUCT_BUNDLE_IDENTIFIER = de.sportfloh.TodayUITests;
				PRODUCT_NAME = "$(TARGET_NAME)";
				SWIFT_EMIT_LOC_STRINGS = NO;
				SWIFT_VERSION = 5.0;
				TARGETED_DEVICE_FAMILY = "1,2";
				TEST_TARGET_NAME = Today;
			};
			name = Release;
		};
/* End XCBuildConfiguration section */

/* Begin XCConfigurationList section */
		DF56CD8027B7991B00066242 /* Build configuration list for PBXProject "Today" */ = {
			isa = XCConfigurationList;
			buildConfigurations = (
				DF56CDAD27B7991C00066242 /* Debug */,
				DF56CDAE27B7991C00066242 /* Release */,
			);
			defaultConfigurationIsVisible = 0;
			defaultConfigurationName = Release;
		};
		DF56CDAF27B7991C00066242 /* Build configuration list for PBXNativeTarget "Today" */ = {
			isa = XCConfigurationList;
			buildConfigurations = (
				DF56CDB027B7991C00066242 /* Debug */,
				DF56CDB127B7991C00066242 /* Release */,
			);
			defaultConfigurationIsVisible = 0;
			defaultConfigurationName = Release;
		};
		DF56CDB227B7991C00066242 /* Build configuration list for PBXNativeTarget "TodayTests" */ = {
			isa = XCConfigurationList;
			buildConfigurations = (
				DF56CDB327B7991C00066242 /* Debug */,
				DF56CDB427B7991C00066242 /* Release */,
			);
			defaultConfigurationIsVisible = 0;
			defaultConfigurationName = Release;
		};
		DF56CDB527B7991C00066242 /* Build configuration list for PBXNativeTarget "TodayUITests" */ = {
			isa = XCConfigurationList;
			buildConfigurations = (
				DF56CDB627B7991C00066242 /* Debug */,
				DF56CDB727B7991C00066242 /* Release */,
			);
			defaultConfigurationIsVisible = 0;
			defaultConfigurationName = Release;
		};
/* End XCConfigurationList section */
	};
	rootObject = DF56CD7D27B7991B00066242 /* Project object */;
}
